{
  "name": "turbo-repo-changesets-test",
  "version": "1.0.0",
  "lockfileVersion": 2,
  "requires": true,
  "packages": {
    "": {
      "name": "turbo-repo-changesets-test",
      "version": "1.0.0",
      "license": "ISC",
      "workspaces": [
        "apps/*",
        "packages/*"
      ],
      "dependencies": {
        "turbo": "^1.2.8"
      }
    },
    "apps/hello-bot": {
      "version": "1.0.0",
      "license": "ISC",
      "dependencies": {
        "question": "1.0.0",
        "talk": "1.0.0"
      }
    },
    "node_modules/hello-bot": {
      "resolved": "apps/hello-bot",
      "link": true
    },
    "node_modules/question": {
      "resolved": "packages/question",
      "link": true
    },
    "node_modules/talk": {
      "resolved": "packages/talk",
      "link": true
    },
    "node_modules/turbo": {
      "version": "1.2.8",
      "resolved": "https://registry.npmjs.org/turbo/-/turbo-1.2.8.tgz",
      "integrity": "sha512-Ms5ZvRlTjl3RF+ccWuGK2Gzgm4Zvr6mtaNwtBJR48u8gcDRjg1eSrpkwvCD+ENEVeQ39MxKjNS51ZYPIBnnhUw==",
      "hasInstallScript": true,
      "bin": {
        "turbo": "bin/turbo"
      },
      "optionalDependencies": {
        "turbo-darwin-64": "1.2.8",
        "turbo-darwin-arm64": "1.2.8",
        "turbo-freebsd-64": "1.2.8",
        "turbo-freebsd-arm64": "1.2.8",
        "turbo-linux-32": "1.2.8",
        "turbo-linux-64": "1.2.8",
        "turbo-linux-arm": "1.2.8",
        "turbo-linux-arm64": "1.2.8",
        "turbo-linux-mips64le": "1.2.8",
        "turbo-linux-ppc64le": "1.2.8",
        "turbo-windows-32": "1.2.8",
        "turbo-windows-64": "1.2.8",
        "turbo-windows-arm64": "1.2.8"
      }
    },
    "node_modules/turbo-darwin-64": {
      "version": "1.2.8",
      "resolved": "https://registry.npmjs.org/turbo-darwin-64/-/turbo-darwin-64-1.2.8.tgz",
      "integrity": "sha512-W46D05e1EUBE5TpRYjAHZXvR01EGhY8AcZUZa1mQCLmOb/W3knS1jHDAMEfXoPuDhdlolejEcbSHFCmqFRQ6OQ==",
      "cpu": [
        "x64"
      ],
      "optional": true,
      "os": [
        "darwin"
      ]
    },
    "node_modules/turbo-darwin-arm64": {
      "version": "1.2.8",
      "resolved": "https://registry.npmjs.org/turbo-darwin-arm64/-/turbo-darwin-arm64-1.2.8.tgz",
      "integrity": "sha512-hDcbQzUnKDa5j+MPnt8hbhcENeGD+dxee9O8LkRUGgHFQzqME0YVZsRDwwMCnpRSmr9ZlvZYQJPRELhBdary9Q==",
      "cpu": [
        "arm64"
      ],
      "optional": true,
      "os": [
        "darwin"
      ]
    },
    "node_modules/turbo-freebsd-64": {
      "version": "1.2.8",
      "resolved": "https://registry.npmjs.org/turbo-freebsd-64/-/turbo-freebsd-64-1.2.8.tgz",
      "integrity": "sha512-Bd91gNJ9QdsJOjGTpY0YYIa/BIS9BP21gKcpcjZHl4pRpPHraeT9M+RYtpv9bWH3BUWYf0HUzfagOHubrkKq+g==",
      "cpu": [
        "x64"
      ],
      "optional": true,
      "os": [
        "freebsd"
      ]
    },
    "node_modules/turbo-freebsd-arm64": {
      "version": "1.2.8",
      "resolved": "https://registry.npmjs.org/turbo-freebsd-arm64/-/turbo-freebsd-arm64-1.2.8.tgz",
      "integrity": "sha512-T+fVnbZNFfQ990F8xazsC16EkV98PkQy091NDKYqbYD6C+PtyV6VpAXX61XDzw01JVJ0GxH/8eiLNttP5lfmnA==",
      "cpu": [
        "arm64"
      ],
      "optional": true,
      "os": [
        "freebsd"
      ]
    },
    "node_modules/turbo-linux-32": {
      "version": "1.2.8",
      "resolved": "https://registry.npmjs.org/turbo-linux-32/-/turbo-linux-32-1.2.8.tgz",
      "integrity": "sha512-wdhssIJQJfYPz9x4XTWZQSRI0mbzsU0Qf3+4kM2XeGsP9k4mi+1g+4PbGutOLBzIWd9OY619dXz/ut43RWqepA==",
      "cpu": [
        "ia32"
      ],
      "optional": true,
      "os": [
        "linux"
      ]
    },
    "node_modules/turbo-linux-64": {
      "version": "1.2.8",
      "resolved": "https://registry.npmjs.org/turbo-linux-64/-/turbo-linux-64-1.2.8.tgz",
      "integrity": "sha512-9OZhxejgl8qQptTUdGnvNXJeFD+I6xF5jkW/tzu5sY9XcdtVvGJ5S4nXYbzG9kPgg4sC6I2gajMCb1l3f5jxSA==",
      "cpu": [
        "x64"
      ],
      "optional": true,
      "os": [
        "linux"
      ]
    },
    "node_modules/turbo-linux-arm": {
      "version": "1.2.8",
      "resolved": "https://registry.npmjs.org/turbo-linux-arm/-/turbo-linux-arm-1.2.8.tgz",
      "integrity": "sha512-RFLScvJPiuVoTDl83iCFNhXICi+F26A0dhBRaOdD9xP5CjcRTS7ITrPpfiELZ/oQzDdZpk3kD+6MxJPtWxoUkg==",
      "cpu": [
        "arm"
      ],
      "optional": true,
      "os": [
        "linux"
      ]
    },
    "node_modules/turbo-linux-arm64": {
      "version": "1.2.8",
      "resolved": "https://registry.npmjs.org/turbo-linux-arm64/-/turbo-linux-arm64-1.2.8.tgz",
      "integrity": "sha512-S7Xu5mhEiTOQNVSaERdCEwWn3IdY0hBIBSoU6TNPD8uIR1jw8r2oV/v/hyuNRRbUfq7as+5tmVXW+RXY/dSkEA==",
      "cpu": [
        "arm64"
      ],
      "optional": true,
      "os": [
        "linux"
      ]
    },
    "node_modules/turbo-linux-mips64le": {
      "version": "1.2.8",
      "resolved": "https://registry.npmjs.org/turbo-linux-mips64le/-/turbo-linux-mips64le-1.2.8.tgz",
      "integrity": "sha512-JXakBXqVhQrNwwe9t/qw1XowTxKuwv4zh3XVjIX4lKrIPjZZq4XRb3zjLRmtNK7MOV9VZ6Tg6JGc87CNYtp2eA==",
      "cpu": [
        "mips64el"
      ],
      "optional": true,
      "os": [
        "linux"
      ]
    },
    "node_modules/turbo-linux-ppc64le": {
      "version": "1.2.8",
      "resolved": "https://registry.npmjs.org/turbo-linux-ppc64le/-/turbo-linux-ppc64le-1.2.8.tgz",
      "integrity": "sha512-GBFcyV6y+KHmBCylJmk9/b8YO7O5jknWf3Radva3YYcfihzn7gm6pCWd17ML28ZLMEvJfWEtbHrU4gDFk+k7Mw==",
      "cpu": [
        "ppc64"
      ],
      "optional": true,
      "os": [
        "linux"
      ]
    },
    "node_modules/turbo-windows-32": {
      "version": "1.2.8",
      "resolved": "https://registry.npmjs.org/turbo-windows-32/-/turbo-windows-32-1.2.8.tgz",
      "integrity": "sha512-z6FSmbPDtDxz0vDbP5Odd1wJx7aACtxQ8XvIRB5sR+dvSCW40RZZLh9LTjWb49y3l7YsnqVdjEE0/bTu56M7hQ==",
      "cpu": [
        "ia32"
      ],
      "optional": true,
      "os": [
        "win32"
      ]
    },
    "node_modules/turbo-windows-64": {
      "version": "1.2.8",
      "resolved": "https://registry.npmjs.org/turbo-windows-64/-/turbo-windows-64-1.2.8.tgz",
      "integrity": "sha512-RiIy6ZfuEquje7k53DXNI9zR34AN5/8JJwZLnVhPzdqYdth9EXROS9pOKNNnYEvcWoG34xbgISezsxTXzcHVAA==",
      "cpu": [
        "x64"
      ],
      "optional": true,
      "os": [
        "win32"
      ]
    },
    "node_modules/turbo-windows-arm64": {
      "version": "1.2.8",
      "resolved": "https://registry.npmjs.org/turbo-windows-arm64/-/turbo-windows-arm64-1.2.8.tgz",
      "integrity": "sha512-usARU7a51r8bY+Z6d7bO3N+97x2C4d2PftbDQaTTBuHQCdbYoZSKhiTPTJfrij8FaxVWjtfoTBxlTCh3mzuNOQ==",
      "cpu": [
        "arm64"
      ],
      "optional": true,
      "os": [
        "win32"
      ]
    },
    "packages/question": {
      "version": "1.0.0",
      "license": "ISC"
    },
    "packages/talk": {
      "version": "1.0.0",
      "license": "ISC"
    }
  },
  "dependencies": {
    "hello-bot": {
      "version": "file:apps/hello-bot",
      "requires": {
        "question": "1.0.0",
        "talk": "1.0.0"
      }
    },
    "question": {
      "version": "file:packages/question"
    },
    "talk": {
      "version": "file:packages/talk"
    },
    "turbo": {
      "version": "1.2.8",
      "resolved": "https://registry.npmjs.org/turbo/-/turbo-1.2.8.tgz",
      "integrity": "sha512-Ms5ZvRlTjl3RF+ccWuGK2Gzgm4Zvr6mtaNwtBJR48u8gcDRjg1eSrpkwvCD+ENEVeQ39MxKjNS51ZYPIBnnhUw==",
      "requires": {
        "turbo-darwin-64": "1.2.8",
        "turbo-darwin-arm64": "1.2.8",
        "turbo-freebsd-64": "1.2.8",
        "turbo-freebsd-arm64": "1.2.8",
        "turbo-linux-32": "1.2.8",
        "turbo-linux-64": "1.2.8",
        "turbo-linux-arm": "1.2.8",
        "turbo-linux-arm64": "1.2.8",
        "turbo-linux-mips64le": "1.2.8",
        "turbo-linux-ppc64le": "1.2.8",
        "turbo-windows-32": "1.2.8",
        "turbo-windows-64": "1.2.8",
        "turbo-windows-arm64": "1.2.8"
      }
    },
    "turbo-darwin-64": {
      "version": "1.2.8",
      "resolved": "https://registry.npmjs.org/turbo-darwin-64/-/turbo-darwin-64-1.2.8.tgz",
      "integrity": "sha512-W46D05e1EUBE5TpRYjAHZXvR01EGhY8AcZUZa1mQCLmOb/W3knS1jHDAMEfXoPuDhdlolejEcbSHFCmqFRQ6OQ==",
      "optional": true
    },
    "turbo-darwin-arm64": {
      "version": "1.2.8",
      "resolved": "https://registry.npmjs.org/turbo-darwin-arm64/-/turbo-darwin-arm64-1.2.8.tgz",
      "integrity": "sha512-hDcbQzUnKDa5j+MPnt8hbhcENeGD+dxee9O8LkRUGgHFQzqME0YVZsRDwwMCnpRSmr9ZlvZYQJPRELhBdary9Q==",
      "optional": true
    },
    "turbo-freebsd-64": {
      "version": "1.2.8",
      "resolved": "https://registry.npmjs.org/turbo-freebsd-64/-/turbo-freebsd-64-1.2.8.tgz",
      "integrity": "sha512-Bd91gNJ9QdsJOjGTpY0YYIa/BIS9BP21gKcpcjZHl4pRpPHraeT9M+RYtpv9bWH3BUWYf0HUzfagOHubrkKq+g==",
      "optional": true
    },
    "turbo-freebsd-arm64": {
      "version": "1.2.8",
      "resolved": "https://registry.npmjs.org/turbo-freebsd-arm64/-/turbo-freebsd-arm64-1.2.8.tgz",
      "integrity": "sha512-T+fVnbZNFfQ990F8xazsC16EkV98PkQy091NDKYqbYD6C+PtyV6VpAXX61XDzw01JVJ0GxH/8eiLNttP5lfmnA==",
      "optional": true
    },
    "turbo-linux-32": {
      "version": "1.2.8",
      "resolved": "https://registry.npmjs.org/turbo-linux-32/-/turbo-linux-32-1.2.8.tgz",
      "integrity": "sha512-wdhssIJQJfYPz9x4XTWZQSRI0mbzsU0Qf3+4kM2XeGsP9k4mi+1g+4PbGutOLBzIWd9OY619dXz/ut43RWqepA==",
      "optional": true
    },
    "turbo-linux-64": {
      "version": "1.2.8",
      "resolved": "https://registry.npmjs.org/turbo-linux-64/-/turbo-linux-64-1.2.8.tgz",
      "integrity": "sha512-9OZhxejgl8qQptTUdGnvNXJeFD+I6xF5jkW/tzu5sY9XcdtVvGJ5S4nXYbzG9kPgg4sC6I2gajMCb1l3f5jxSA==",
      "optional": true
    },
    "turbo-linux-arm": {
      "version": "1.2.8",
      "resolved": "https://registry.npmjs.org/turbo-linux-arm/-/turbo-linux-arm-1.2.8.tgz",
      "integrity": "sha512-RFLScvJPiuVoTDl83iCFNhXICi+F26A0dhBRaOdD9xP5CjcRTS7ITrPpfiELZ/oQzDdZpk3kD+6MxJPtWxoUkg==",
      "optional": true
    },
    "turbo-linux-arm64": {
      "version": "1.2.8",
      "resolved": "https://registry.npmjs.org/turbo-linux-arm64/-/turbo-linux-arm64-1.2.8.tgz",
      "integrity": "sha512-S7Xu5mhEiTOQNVSaERdCEwWn3IdY0hBIBSoU6TNPD8uIR1jw8r2oV/v/hyuNRRbUfq7as+5tmVXW+RXY/dSkEA==",
      "optional": true
    },
    "turbo-linux-mips64le": {
      "version": "1.2.8",
      "resolved": "https://registry.npmjs.org/turbo-linux-mips64le/-/turbo-linux-mips64le-1.2.8.tgz",
      "integrity": "sha512-JXakBXqVhQrNwwe9t/qw1XowTxKuwv4zh3XVjIX4lKrIPjZZq4XRb3zjLRmtNK7MOV9VZ6Tg6JGc87CNYtp2eA==",
      "optional": true
    },
    "turbo-linux-ppc64le": {
      "version": "1.2.8",
      "resolved": "https://registry.npmjs.org/turbo-linux-ppc64le/-/turbo-linux-ppc64le-1.2.8.tgz",
      "integrity": "sha512-GBFcyV6y+KHmBCylJmk9/b8YO7O5jknWf3Radva3YYcfihzn7gm6pCWd17ML28ZLMEvJfWEtbHrU4gDFk+k7Mw==",
      "optional": true
    },
    "turbo-windows-32": {
      "version": "1.2.8",
      "resolved": "https://registry.npmjs.org/turbo-windows-32/-/turbo-windows-32-1.2.8.tgz",
      "integrity": "sha512-z6FSmbPDtDxz0vDbP5Odd1wJx7aACtxQ8XvIRB5sR+dvSCW40RZZLh9LTjWb49y3l7YsnqVdjEE0/bTu56M7hQ==",
      "optional": true
    },
    "turbo-windows-64": {
      "version": "1.2.8",
      "resolved": "https://registry.npmjs.org/turbo-windows-64/-/turbo-windows-64-1.2.8.tgz",
      "integrity": "sha512-RiIy6ZfuEquje7k53DXNI9zR34AN5/8JJwZLnVhPzdqYdth9EXROS9pOKNNnYEvcWoG34xbgISezsxTXzcHVAA==",
      "optional": true
    },
    "turbo-windows-arm64": {
      "version": "1.2.8",
      "resolved": "https://registry.npmjs.org/turbo-windows-arm64/-/turbo-windows-arm64-1.2.8.tgz",
      "integrity": "sha512-usARU7a51r8bY+Z6d7bO3N+97x2C4d2PftbDQaTTBuHQCdbYoZSKhiTPTJfrij8FaxVWjtfoTBxlTCh3mzuNOQ==",
      "optional": true
    }
  }
}
